// !$*UTF8*$!
{
	archiveVersion = 1;
	classes = {
	};
	objectVersion = 48;
	objects = {

/* Begin PBXBuildFile section */
		CCAA8C2E2056B40B000F054D /* WeakArray.swift in Sources */ = {isa = PBXBuildFile; fileRef = CC6DE94820405E71009C0BD2 /* WeakArray.swift */; };
		CCAA8C2F2056B40B000F054D /* WeakSet.swift in Sources */ = {isa = PBXBuildFile; fileRef = CC6DE94B20405E71009C0BD2 /* WeakSet.swift */; };
		CCAA8C302056B40B000F054D /* Bag.swift in Sources */ = {isa = PBXBuildFile; fileRef = CC6DE94E20405E71009C0BD2 /* Bag.swift */; };
		CCAA8C312056B40B000F054D /* Weak.swift in Sources */ = {isa = PBXBuildFile; fileRef = CC6DE95320405E71009C0BD2 /* Weak.swift */; };
		CCAA8C352056B4F2000F054D /* main.swift in Sources */ = {isa = PBXBuildFile; fileRef = CCAA8C342056B4F2000F054D /* main.swift */; };
		CCAA8C412056BECF000F054D /* WeakArrayTests.swift in Sources */ = {isa = PBXBuildFile; fileRef = CCAA8C402056BECF000F054D /* WeakArrayTests.swift */; };
		CCAA8C4A2056C04E000F054D /* BagTests.swift in Sources */ = {isa = PBXBuildFile; fileRef = CCAA8C482056C02C000F054D /* BagTests.swift */; };
		CCAA8C4B2056C05A000F054D /* WeakSetTests.swift in Sources */ = {isa = PBXBuildFile; fileRef = CCAA8C462056C025000F054D /* WeakSetTests.swift */; };
/* End PBXBuildFile section */

/* Begin PBXCopyFilesBuildPhase section */
		CCAA8C242056B3D9000F054D /* CopyFiles */ = {
			isa = PBXCopyFilesBuildPhase;
			buildActionMask = 2147483647;
			dstPath = /usr/share/man/man1/;
			dstSubfolderSpec = 0;
			files = (
			);
			runOnlyForDeploymentPostprocessing = 1;
		};
/* End PBXCopyFilesBuildPhase section */

/* Begin PBXFileReference section */
		CC6DE94820405E71009C0BD2 /* WeakArray.swift */ = {isa = PBXFileReference; lastKnownFileType = sourcecode.swift; path = WeakArray.swift; sourceTree = "<group>"; };
		CC6DE94920405E71009C0BD2 /* WeakArrayDoc.md */ = {isa = PBXFileReference; lastKnownFileType = net.daringfireball.markdown; path = WeakArrayDoc.md; sourceTree = "<group>"; };
		CC6DE94B20405E71009C0BD2 /* WeakSet.swift */ = {isa = PBXFileReference; lastKnownFileType = sourcecode.swift; path = WeakSet.swift; sourceTree = "<group>"; };
		CC6DE94C20405E71009C0BD2 /* WeakSetDoc.md */ = {isa = PBXFileReference; lastKnownFileType = net.daringfireball.markdown; path = WeakSetDoc.md; sourceTree = "<group>"; };
		CC6DE94E20405E71009C0BD2 /* Bag.swift */ = {isa = PBXFileReference; lastKnownFileType = sourcecode.swift; path = Bag.swift; sourceTree = "<group>"; };
		CC6DE94F20405E71009C0BD2 /* BagDoc.md */ = {isa = PBXFileReference; lastKnownFileType = net.daringfireball.markdown; path = BagDoc.md; sourceTree = "<group>"; };
		CC6DE95020405E71009C0BD2 /* DocTemplate.md */ = {isa = PBXFileReference; lastKnownFileType = net.daringfireball.markdown; path = DocTemplate.md; sourceTree = "<group>"; };
		CC6DE95120405E71009C0BD2 /* README.md */ = {isa = PBXFileReference; lastKnownFileType = net.daringfireball.markdown; path = README.md; sourceTree = "<group>"; };
		CC6DE95320405E71009C0BD2 /* Weak.swift */ = {isa = PBXFileReference; lastKnownFileType = sourcecode.swift; path = Weak.swift; sourceTree = "<group>"; };
		CC6DE95420405E71009C0BD2 /* LICENSE.md */ = {isa = PBXFileReference; lastKnownFileType = net.daringfireball.markdown; path = LICENSE.md; sourceTree = "<group>"; };
		CCAA8C262056B3D9000F054D /* SwiftCollections */ = {isa = PBXFileReference; explicitFileType = "compiled.mach-o.executable"; includeInIndex = 0; path = SwiftCollections; sourceTree = BUILT_PRODUCTS_DIR; };
		CCAA8C342056B4F2000F054D /* main.swift */ = {isa = PBXFileReference; fileEncoding = 4; lastKnownFileType = sourcecode.swift; path = main.swift; sourceTree = "<group>"; };
		CCAA8C382056B6CF000F054D /* .swiftlint.yml */ = {isa = PBXFileReference; lastKnownFileType = text; path = .swiftlint.yml; sourceTree = "<group>"; };
		CCAA8C392056B814000F054D /* CONTRIBUTING.md */ = {isa = PBXFileReference; lastKnownFileType = net.daringfireball.markdown; path = CONTRIBUTING.md; sourceTree = "<group>"; };
		CCAA8C3E2056BECF000F054D /* SwiftCollectionsTests.xctest */ = {isa = PBXFileReference; explicitFileType = wrapper.cfbundle; includeInIndex = 0; path = SwiftCollectionsTests.xctest; sourceTree = BUILT_PRODUCTS_DIR; };
		CCAA8C402056BECF000F054D /* WeakArrayTests.swift */ = {isa = PBXFileReference; lastKnownFileType = sourcecode.swift; path = WeakArrayTests.swift; sourceTree = "<group>"; };
		CCAA8C422056BECF000F054D /* Info.plist */ = {isa = PBXFileReference; lastKnownFileType = text.plist.xml; path = Info.plist; sourceTree = "<group>"; };
		CCAA8C462056C025000F054D /* WeakSetTests.swift */ = {isa = PBXFileReference; lastKnownFileType = sourcecode.swift; path = WeakSetTests.swift; sourceTree = "<group>"; };
		CCAA8C482056C02C000F054D /* BagTests.swift */ = {isa = PBXFileReference; lastKnownFileType = sourcecode.swift; path = BagTests.swift; sourceTree = "<group>"; };
/* End PBXFileReference section */

/* Begin PBXFrameworksBuildPhase section */
		CCAA8C232056B3D9000F054D /* Frameworks */ = {
			isa = PBXFrameworksBuildPhase;
			buildActionMask = 2147483647;
			files = (
			);
			runOnlyForDeploymentPostprocessing = 0;
		};
		CCAA8C3B2056BECF000F054D /* Frameworks */ = {
			isa = PBXFrameworksBuildPhase;
			buildActionMask = 2147483647;
			files = (
			);
			runOnlyForDeploymentPostprocessing = 0;
		};
/* End PBXFrameworksBuildPhase section */

/* Begin PBXGroup section */
		CC61CADA20405E3A004C6814 = {
			isa = PBXGroup;
			children = (
				CC6DE94620405E71009C0BD2 /* Collections */,
				CC6DE95220405E71009C0BD2 /* Helpers */,
				CCAA8C3F2056BECF000F054D /* Tests */,
				CCAA8C272056B3D9000F054D /* Loose References */,
				CC6DE95420405E71009C0BD2 /* LICENSE.md */,
				CC6DE95120405E71009C0BD2 /* README.md */,
				CCAA8C392056B814000F054D /* CONTRIBUTING.md */,
				CC6DE95020405E71009C0BD2 /* DocTemplate.md */,
				CCAA8C342056B4F2000F054D /* main.swift */,
			);
			sourceTree = "<group>";
		};
		CC6DE94620405E71009C0BD2 /* Collections */ = {
			isa = PBXGroup;
			children = (
				CC6DE94D20405E71009C0BD2 /* Bag */,
				CC6DE94720405E71009C0BD2 /* WeakArray */,
				CC6DE94A20405E71009C0BD2 /* WeakSet */,
			);
			path = Collections;
			sourceTree = "<group>";
		};
		CC6DE94720405E71009C0BD2 /* WeakArray */ = {
			isa = PBXGroup;
			children = (
				CC6DE94820405E71009C0BD2 /* WeakArray.swift */,
				CC6DE94920405E71009C0BD2 /* WeakArrayDoc.md */,
			);
			path = WeakArray;
			sourceTree = "<group>";
		};
		CC6DE94A20405E71009C0BD2 /* WeakSet */ = {
			isa = PBXGroup;
			children = (
				CC6DE94B20405E71009C0BD2 /* WeakSet.swift */,
				CC6DE94C20405E71009C0BD2 /* WeakSetDoc.md */,
			);
			path = WeakSet;
			sourceTree = "<group>";
		};
		CC6DE94D20405E71009C0BD2 /* Bag */ = {
			isa = PBXGroup;
			children = (
				CC6DE94E20405E71009C0BD2 /* Bag.swift */,
				CC6DE94F20405E71009C0BD2 /* BagDoc.md */,
			);
			path = Bag;
			sourceTree = "<group>";
		};
		CC6DE95220405E71009C0BD2 /* Helpers */ = {
			isa = PBXGroup;
			children = (
				CC6DE95320405E71009C0BD2 /* Weak.swift */,
			);
			path = Helpers;
			sourceTree = "<group>";
		};
		CCAA8C272056B3D9000F054D /* Loose References */ = {
			isa = PBXGroup;
			children = (
				CCAA8C382056B6CF000F054D /* .swiftlint.yml */,
				CCAA8C262056B3D9000F054D /* SwiftCollections */,
				CCAA8C3E2056BECF000F054D /* SwiftCollectionsTests.xctest */,
			);
			name = "Loose References";
			sourceTree = "<group>";
		};
		CCAA8C3F2056BECF000F054D /* Tests */ = {
			isa = PBXGroup;
			children = (
				CCAA8C4C2056C177000F054D /* Sources */,
				CCAA8C422056BECF000F054D /* Info.plist */,
			);
			path = Tests;
			sourceTree = "<group>";
		};
		CCAA8C4C2056C177000F054D /* Sources */ = {
			isa = PBXGroup;
			children = (
				CCAA8C482056C02C000F054D /* BagTests.swift */,
				CCAA8C402056BECF000F054D /* WeakArrayTests.swift */,
				CCAA8C462056C025000F054D /* WeakSetTests.swift */,
			);
			path = Sources;
			sourceTree = "<group>";
		};
/* End PBXGroup section */

/* Begin PBXNativeTarget section */
		CCAA8C252056B3D9000F054D /* SwiftCollections */ = {
			isa = PBXNativeTarget;
			buildConfigurationList = CCAA8C2D2056B3D9000F054D /* Build configuration list for PBXNativeTarget "SwiftCollections" */;
			buildPhases = (
				CCAA8C222056B3D9000F054D /* Sources */,
				CCAA8C232056B3D9000F054D /* Frameworks */,
				CCAA8C242056B3D9000F054D /* CopyFiles */,
				CCAA8C372056B568000F054D /* SwiftLint */,
			);
			buildRules = (
			);
			dependencies = (
			);
			name = SwiftCollections;
			productName = SwiftCollections;
			productReference = CCAA8C262056B3D9000F054D /* SwiftCollections */;
			productType = "com.apple.product-type.tool";
		};
		CCAA8C3D2056BECF000F054D /* SwiftCollectionsTests */ = {
			isa = PBXNativeTarget;
			buildConfigurationList = CCAA8C432056BECF000F054D /* Build configuration list for PBXNativeTarget "SwiftCollectionsTests" */;
			buildPhases = (
				CCAA8C3A2056BECF000F054D /* Sources */,
				CCAA8C3B2056BECF000F054D /* Frameworks */,
				CCAA8C3C2056BECF000F054D /* Resources */,
			);
			buildRules = (
			);
			dependencies = (
			);
			name = SwiftCollectionsTests;
			productName = SwiftCollectionTests;
			productReference = CCAA8C3E2056BECF000F054D /* SwiftCollectionsTests.xctest */;
			productType = "com.apple.product-type.bundle.unit-test";
		};
/* End PBXNativeTarget section */

/* Begin PBXProject section */
		CC61CADB20405E3A004C6814 /* Project object */ = {
			isa = PBXProject;
			attributes = {
				LastSwiftUpdateCheck = 0920;
				LastUpgradeCheck = 0920;
				TargetAttributes = {
					CCAA8C252056B3D9000F054D = {
						CreatedOnToolsVersion = 9.2;
						ProvisioningStyle = Manual;
					};
					CCAA8C3D2056BECF000F054D = {
						CreatedOnToolsVersion = 9.2;
						ProvisioningStyle = Manual;
					};
				};
			};
			buildConfigurationList = CC61CADE20405E3A004C6814 /* Build configuration list for PBXProject "SwiftCollections" */;
			compatibilityVersion = "Xcode 8.0";
			developmentRegion = en;
			hasScannedForEncodings = 0;
			knownRegions = (
				en,
			);
			mainGroup = CC61CADA20405E3A004C6814;
			productRefGroup = CCAA8C272056B3D9000F054D /* Loose References */;
			projectDirPath = "";
			projectRoot = "";
			targets = (
				CCAA8C252056B3D9000F054D /* SwiftCollections */,
				CCAA8C3D2056BECF000F054D /* SwiftCollectionsTests */,
			);
		};
/* End PBXProject section */

/* Begin PBXResourcesBuildPhase section */
		CCAA8C3C2056BECF000F054D /* Resources */ = {
			isa = PBXResourcesBuildPhase;
			buildActionMask = 2147483647;
			files = (
			);
			runOnlyForDeploymentPostprocessing = 0;
		};
/* End PBXResourcesBuildPhase section */

/* Begin PBXShellScriptBuildPhase section */
		CCAA8C372056B568000F054D /* SwiftLint */ = {
			isa = PBXShellScriptBuildPhase;
			buildActionMask = 2147483647;
			files = (
			);
			inputPaths = (
			);
			name = SwiftLint;
			outputPaths = (
			);
			runOnlyForDeploymentPostprocessing = 0;
			shellPath = /bin/sh;
			shellScript = "if which swiftlint > /dev/null; then\nswiftlint\nelse\necho \"warning: SwiftLint not installed, download it from https://github.com/realm/SwiftLint\"\nfi";
		};
/* End PBXShellScriptBuildPhase section */

/* Begin PBXSourcesBuildPhase section */
		CCAA8C222056B3D9000F054D /* Sources */ = {
			isa = PBXSourcesBuildPhase;
			buildActionMask = 2147483647;
			files = (
				CCAA8C2F2056B40B000F054D /* WeakSet.swift in Sources */,
				CCAA8C312056B40B000F054D /* Weak.swift in Sources */,
				CCAA8C302056B40B000F054D /* Bag.swift in Sources */,
				CCAA8C2E2056B40B000F054D /* WeakArray.swift in Sources */,
				CCAA8C352056B4F2000F054D /* main.swift in Sources */,
			);
			runOnlyForDeploymentPostprocessing = 0;
		};
		CCAA8C3A2056BECF000F054D /* Sources */ = {
			isa = PBXSourcesBuildPhase;
			buildActionMask = 2147483647;
			files = (
				CCAA8C4A2056C04E000F054D /* BagTests.swift in Sources */,
				CCAA8C412056BECF000F054D /* WeakArrayTests.swift in Sources */,
				CCAA8C4B2056C05A000F054D /* WeakSetTests.swift in Sources */,
			);
			runOnlyForDeploymentPostprocessing = 0;
		};
/* End PBXSourcesBuildPhase section */

/* Begin XCBuildConfiguration section */
		CC61CADF20405E3A004C6814 /* Debug */ = {
			isa = XCBuildConfiguration;
			buildSettings = {
			};
			name = Debug;
		};
		CC61CAE020405E3A004C6814 /* Release */ = {
			isa = XCBuildConfiguration;
			buildSettings = {
			};
			name = Release;
		};
		CCAA8C2B2056B3D9000F054D /* Debug */ = {
			isa = XCBuildConfiguration;
			buildSettings = {
				ALWAYS_SEARCH_USER_PATHS = NO;
				CLANG_ANALYZER_NONNULL = YES;
				CLANG_ANALYZER_NUMBER_OBJECT_CONVERSION = YES_AGGRESSIVE;
				CLANG_CXX_LANGUAGE_STANDARD = "gnu++14";
				CLANG_CXX_LIBRARY = "libc++";
				CLANG_ENABLE_MODULES = YES;
				CLANG_ENABLE_OBJC_ARC = YES;
				CLANG_WARN_BLOCK_CAPTURE_AUTORELEASING = YES;
				CLANG_WARN_BOOL_CONVERSION = YES;
				CLANG_WARN_COMMA = YES;
				CLANG_WARN_CONSTANT_CONVERSION = YES;
				CLANG_WARN_DIRECT_OBJC_ISA_USAGE = YES_ERROR;
				CLANG_WARN_DOCUMENTATION_COMMENTS = YES;
				CLANG_WARN_EMPTY_BODY = YES;
				CLANG_WARN_ENUM_CONVERSION = YES;
				CLANG_WARN_INFINITE_RECURSION = YES;
				CLANG_WARN_INT_CONVERSION = YES;
				CLANG_WARN_NON_LITERAL_NULL_CONVERSION = YES;
				CLANG_WARN_OBJC_LITERAL_CONVERSION = YES;
				CLANG_WARN_OBJC_ROOT_CLASS = YES_ERROR;
				CLANG_WARN_RANGE_LOOP_ANALYSIS = YES;
				CLANG_WARN_STRICT_PROTOTYPES = YES;
				CLANG_WARN_SUSPICIOUS_MOVE = YES;
				CLANG_WARN_UNGUARDED_AVAILABILITY = YES_AGGRESSIVE;
				CLANG_WARN_UNREACHABLE_CODE = YES;
				CLANG_WARN__DUPLICATE_METHOD_MATCH = YES;
				CODE_SIGN_IDENTITY = "";
				CODE_SIGN_STYLE = Manual;
				COPY_PHASE_STRIP = NO;
				DEBUG_INFORMATION_FORMAT = dwarf;
				DEVELOPMENT_TEAM = "";
				ENABLE_STRICT_OBJC_MSGSEND = YES;
				ENABLE_TESTABILITY = YES;
				GCC_C_LANGUAGE_STANDARD = gnu11;
				GCC_DYNAMIC_NO_PIC = NO;
				GCC_NO_COMMON_BLOCKS = YES;
				GCC_OPTIMIZATION_LEVEL = 0;
				GCC_PREPROCESSOR_DEFINITIONS = (
					"DEBUG=1",
					"$(inherited)",
				);
				GCC_WARN_64_TO_32_BIT_CONVERSION = YES;
				GCC_WARN_ABOUT_RETURN_TYPE = YES_ERROR;
				GCC_WARN_UNDECLARED_SELECTOR = YES;
				GCC_WARN_UNINITIALIZED_AUTOS = YES_AGGRESSIVE;
				GCC_WARN_UNUSED_FUNCTION = YES;
				GCC_WARN_UNUSED_VARIABLE = YES;
				MACOSX_DEPLOYMENT_TARGET = 10.13;
				MTL_ENABLE_DEBUG_INFO = YES;
				ONLY_ACTIVE_ARCH = YES;
				PRODUCT_NAME = "$(TARGET_NAME)";
				PROVISIONING_PROFILE_SPECIFIER = "";
				SDKROOT = macosx;
				SWIFT_ACTIVE_COMPILATION_CONDITIONS = DEBUG;
				SWIFT_OPTIMIZATION_LEVEL = "-Onone";
				SWIFT_VERSION = 4.0;
			};
			name = Debug;
		};
		CCAA8C2C2056B3D9000F054D /* Release */ = {
			isa = XCBuildConfiguration;
			buildSettings = {
				ALWAYS_SEARCH_USER_PATHS = NO;
				CLANG_ANALYZER_NONNULL = YES;
				CLANG_ANALYZER_NUMBER_OBJECT_CONVERSION = YES_AGGRESSIVE;
				CLANG_CXX_LANGUAGE_STANDARD = "gnu++14";
				CLANG_CXX_LIBRARY = "libc++";
				CLANG_ENABLE_MODULES = YES;
				CLANG_ENABLE_OBJC_ARC = YES;
				CLANG_WARN_BLOCK_CAPTURE_AUTORELEASING = YES;
				CLANG_WARN_BOOL_CONVERSION = YES;
				CLANG_WARN_COMMA = YES;
				CLANG_WARN_CONSTANT_CONVERSION = YES;
				CLANG_WARN_DIRECT_OBJC_ISA_USAGE = YES_ERROR;
				CLANG_WARN_DOCUMENTATION_COMMENTS = YES;
				CLANG_WARN_EMPTY_BODY = YES;
				CLANG_WARN_ENUM_CONVERSION = YES;
				CLANG_WARN_INFINITE_RECURSION = YES;
				CLANG_WARN_INT_CONVERSION = YES;
				CLANG_WARN_NON_LITERAL_NULL_CONVERSION = YES;
				CLANG_WARN_OBJC_LITERAL_CONVERSION = YES;
				CLANG_WARN_OBJC_ROOT_CLASS = YES_ERROR;
				CLANG_WARN_RANGE_LOOP_ANALYSIS = YES;
				CLANG_WARN_STRICT_PROTOTYPES = YES;
				CLANG_WARN_SUSPICIOUS_MOVE = YES;
				CLANG_WARN_UNGUARDED_AVAILABILITY = YES_AGGRESSIVE;
				CLANG_WARN_UNREACHABLE_CODE = YES;
				CLANG_WARN__DUPLICATE_METHOD_MATCH = YES;
				CODE_SIGN_IDENTITY = "";
				CODE_SIGN_STYLE = Manual;
				COPY_PHASE_STRIP = NO;
				DEBUG_INFORMATION_FORMAT = "dwarf-with-dsym";
				DEVELOPMENT_TEAM = "";
				ENABLE_NS_ASSERTIONS = NO;
				ENABLE_STRICT_OBJC_MSGSEND = YES;
				GCC_C_LANGUAGE_STANDARD = gnu11;
				GCC_NO_COMMON_BLOCKS = YES;
				GCC_WARN_64_TO_32_BIT_CONVERSION = YES;
				GCC_WARN_ABOUT_RETURN_TYPE = YES_ERROR;
				GCC_WARN_UNDECLARED_SELECTOR = YES;
				GCC_WARN_UNINITIALIZED_AUTOS = YES_AGGRESSIVE;
				GCC_WARN_UNUSED_FUNCTION = YES;
				GCC_WARN_UNUSED_VARIABLE = YES;
				MACOSX_DEPLOYMENT_TARGET = 10.13;
				MTL_ENABLE_DEBUG_INFO = NO;
				PRODUCT_NAME = "$(TARGET_NAME)";
				PROVISIONING_PROFILE_SPECIFIER = "";
				SDKROOT = macosx;
				SWIFT_OPTIMIZATION_LEVEL = "-Owholemodule";
				SWIFT_VERSION = 4.0;
			};
			name = Release;
		};
		CCAA8C442056BECF000F054D /* Debug */ = {
			isa = XCBuildConfiguration;
			buildSettings = {
				ALWAYS_SEARCH_USER_PATHS = NO;
				CLANG_ANALYZER_NONNULL = YES;
				CLANG_ANALYZER_NUMBER_OBJECT_CONVERSION = YES_AGGRESSIVE;
				CLANG_CXX_LANGUAGE_STANDARD = "gnu++14";
				CLANG_CXX_LIBRARY = "libc++";
				CLANG_ENABLE_MODULES = YES;
				CLANG_ENABLE_OBJC_ARC = YES;
				CLANG_WARN_BLOCK_CAPTURE_AUTORELEASING = YES;
				CLANG_WARN_BOOL_CONVERSION = YES;
				CLANG_WARN_COMMA = YES;
				CLANG_WARN_CONSTANT_CONVERSION = YES;
				CLANG_WARN_DIRECT_OBJC_ISA_USAGE = YES_ERROR;
				CLANG_WARN_DOCUMENTATION_COMMENTS = YES;
				CLANG_WARN_EMPTY_BODY = YES;
				CLANG_WARN_ENUM_CONVERSION = YES;
				CLANG_WARN_INFINITE_RECURSION = YES;
				CLANG_WARN_INT_CONVERSION = YES;
				CLANG_WARN_NON_LITERAL_NULL_CONVERSION = YES;
				CLANG_WARN_OBJC_LITERAL_CONVERSION = YES;
				CLANG_WARN_OBJC_ROOT_CLASS = YES_ERROR;
				CLANG_WARN_RANGE_LOOP_ANALYSIS = YES;
				CLANG_WARN_STRICT_PROTOTYPES = YES;
				CLANG_WARN_SUSPICIOUS_MOVE = YES;
				CLANG_WARN_UNGUARDED_AVAILABILITY = YES_AGGRESSIVE;
				CLANG_WARN_UNREACHABLE_CODE = YES;
				CLANG_WARN__DUPLICATE_METHOD_MATCH = YES;
				CODE_SIGN_IDENTITY = "";
				CODE_SIGN_STYLE = Manual;
				COMBINE_HIDPI_IMAGES = YES;
				COPY_PHASE_STRIP = NO;
				DEBUG_INFORMATION_FORMAT = dwarf;
				DEVELOPMENT_TEAM = "";
				ENABLE_STRICT_OBJC_MSGSEND = YES;
				ENABLE_TESTABILITY = YES;
				GCC_C_LANGUAGE_STANDARD = gnu11;
				GCC_DYNAMIC_NO_PIC = NO;
				GCC_NO_COMMON_BLOCKS = YES;
				GCC_OPTIMIZATION_LEVEL = 0;
				GCC_PREPROCESSOR_DEFINITIONS = (
					"DEBUG=1",
					"$(inherited)",
				);
				GCC_WARN_64_TO_32_BIT_CONVERSION = YES;
				GCC_WARN_ABOUT_RETURN_TYPE = YES_ERROR;
				GCC_WARN_UNDECLARED_SELECTOR = YES;
				GCC_WARN_UNINITIALIZED_AUTOS = YES_AGGRESSIVE;
				GCC_WARN_UNUSED_FUNCTION = YES;
				GCC_WARN_UNUSED_VARIABLE = YES;
				INFOPLIST_FILE = SwiftCollectionTests/Info.plist;
				LD_RUNPATH_SEARCH_PATHS = "$(inherited) @executable_path/../Frameworks @loader_path/../Frameworks";
				MACOSX_DEPLOYMENT_TARGET = 10.13;
				MTL_ENABLE_DEBUG_INFO = YES;
				ONLY_ACTIVE_ARCH = YES;
				PRODUCT_BUNDLE_IDENTIFIER = de.fredpi.SwiftCollectionTests;
				PRODUCT_NAME = "$(TARGET_NAME)";
				PROVISIONING_PROFILE_SPECIFIER = "";
				SDKROOT = macosx;
				SWIFT_ACTIVE_COMPILATION_CONDITIONS = DEBUG;
				SWIFT_OPTIMIZATION_LEVEL = "-Onone";
				SWIFT_VERSION = 4.0;
			};
			name = Debug;
		};
		CCAA8C452056BECF000F054D /* Release */ = {
			isa = XCBuildConfiguration;
			buildSettings = {
				ALWAYS_SEARCH_USER_PATHS = NO;
				CLANG_ANALYZER_NONNULL = YES;
				CLANG_ANALYZER_NUMBER_OBJECT_CONVERSION = YES_AGGRESSIVE;
				CLANG_CXX_LANGUAGE_STANDARD = "gnu++14";
				CLANG_CXX_LIBRARY = "libc++";
				CLANG_ENABLE_MODULES = YES;
				CLANG_ENABLE_OBJC_ARC = YES;
				CLANG_WARN_BLOCK_CAPTURE_AUTORELEASING = YES;
				CLANG_WARN_BOOL_CONVERSION = YES;
				CLANG_WARN_COMMA = YES;
				CLANG_WARN_CONSTANT_CONVERSION = YES;
				CLANG_WARN_DIRECT_OBJC_ISA_USAGE = YES_ERROR;
				CLANG_WARN_DOCUMENTATION_COMMENTS = YES;
				CLANG_WARN_EMPTY_BODY = YES;
				CLANG_WARN_ENUM_CONVERSION = YES;
				CLANG_WARN_INFINITE_RECURSION = YES;
				CLANG_WARN_INT_CONVERSION = YES;
				CLANG_WARN_NON_LITERAL_NULL_CONVERSION = YES;
				CLANG_WARN_OBJC_LITERAL_CONVERSION = YES;
				CLANG_WARN_OBJC_ROOT_CLASS = YES_ERROR;
				CLANG_WARN_RANGE_LOOP_ANALYSIS = YES;
				CLANG_WARN_STRICT_PROTOTYPES = YES;
				CLANG_WARN_SUSPICIOUS_MOVE = YES;
				CLANG_WARN_UNGUARDED_AVAILABILITY = YES_AGGRESSIVE;
				CLANG_WARN_UNREACHABLE_CODE = YES;
				CLANG_WARN__DUPLICATE_METHOD_MATCH = YES;
				CODE_SIGN_IDENTITY = "";
				CODE_SIGN_STYLE = Manual;
				COMBINE_HIDPI_IMAGES = YES;
				COPY_PHASE_STRIP = NO;
				DEBUG_INFORMATION_FORMAT = "dwarf-with-dsym";
				DEVELOPMENT_TEAM = "";
				ENABLE_NS_ASSERTIONS = NO;
				ENABLE_STRICT_OBJC_MSGSEND = YES;
				GCC_C_LANGUAGE_STANDARD = gnu11;
				GCC_NO_COMMON_BLOCKS = YES;
				GCC_WARN_64_TO_32_BIT_CONVERSION = YES;
				GCC_WARN_ABOUT_RETURN_TYPE = YES_ERROR;
				GCC_WARN_UNDECLARED_SELECTOR = YES;
				GCC_WARN_UNINITIALIZED_AUTOS = YES_AGGRESSIVE;
				GCC_WARN_UNUSED_FUNCTION = YES;
				GCC_WARN_UNUSED_VARIABLE = YES;
				INFOPLIST_FILE = SwiftCollectionTests/Info.plist;
				LD_RUNPATH_SEARCH_PATHS = "$(inherited) @executable_path/../Frameworks @loader_path/../Frameworks";
				MACOSX_DEPLOYMENT_TARGET = 10.13;
				MTL_ENABLE_DEBUG_INFO = NO;
				PRODUCT_BUNDLE_IDENTIFIER = de.fredpi.SwiftCollectionTests;
				PRODUCT_NAME = "$(TARGET_NAME)";
				PROVISIONING_PROFILE_SPECIFIER = "";
				SDKROOT = macosx;
				SWIFT_OPTIMIZATION_LEVEL = "-Owholemodule";
				SWIFT_VERSION = 4.0;
			};
			name = Release;
		};
/* End XCBuildConfiguration section */

/* Begin XCConfigurationList section */
		CC61CADE20405E3A004C6814 /* Build configuration list for PBXProject "SwiftCollections" */ = {
			isa = XCConfigurationList;
			buildConfigurations = (
				CC61CADF20405E3A004C6814 /* Debug */,
				CC61CAE020405E3A004C6814 /* Release */,
			);
			defaultConfigurationIsVisible = 0;
			defaultConfigurationName = Release;
		};
		CCAA8C2D2056B3D9000F054D /* Build configuration list for PBXNativeTarget "SwiftCollections" */ = {
			isa = XCConfigurationList;
			buildConfigurations = (
				CCAA8C2B2056B3D9000F054D /* Debug */,
				CCAA8C2C2056B3D9000F054D /* Release */,
			);
			defaultConfigurationIsVisible = 0;
			defaultConfigurationName = Release;
		};
		CCAA8C432056BECF000F054D /* Build configuration list for PBXNativeTarget "SwiftCollectionsTests" */ = {
			isa = XCConfigurationList;
			buildConfigurations = (
				CCAA8C442056BECF000F054D /* Debug */,
				CCAA8C452056BECF000F054D /* Release */,
			);
			defaultConfigurationIsVisible = 0;
			defaultConfigurationName = Release;
		};
/* End XCConfigurationList section */
	};
	rootObject = CC61CADB20405E3A004C6814 /* Project object */;
}
